
Microsoft Visual Studio Solution File, Format Version 12.00
# Visual Studio 15
VisualStudioVersion = 15.0.28010.0
MinimumVisualStudioVersion = 10.0.40219.1
Project("{FAE04EC0-301F-11D3-BF4B-00C04F79EFBC}") = "Fizzbuzz", "Fizzbuzz\Fizzbuzz.csproj", "{D960CDEC-214F-4FE4-B979-E88F8276C92D}"
EndProject
Global
	GlobalSection(SolutionConfigurationPlatforms) = preSolution
		Debug|Any CPU = Debug|Any CPU
		Release|Any CPU = Release|Any CPU
	EndGlobalSection
	GlobalSection(ProjectConfigurationPlatforms) = postSolution
		{D960CDEC-214F-4FE4-B979-E88F8276C92D}.Debug|Any CPU.ActiveCfg = Debug|Any CPU
		{D960CDEC-214F-4FE4-B979-E88F8276C92D}.Debug|Any CPU.Build.0 = Debug|Any CPU
		{D960CDEC-214F-4FE4-B979-E88F8276C92D}.Release|Any CPU.ActiveCfg = Release|Any CPU
		{D960CDEC-214F-4FE4-B979-E88F8276C92D}.Release|Any CPU.Build.0 = Release|Any CPU
	EndGlobalSection
	GlobalSection(SolutionProperties) = preSolution
		HideSolutionNode = FALSE
	EndGlobalSection
	GlobalSection(ExtensibilityGlobals) = postSolution
		SolutionGuid = {0D51421E-0CFD-4BE1-B53E-99F4FC634452}
	EndGlobalSection
EndGlobal
